
Microsoft Visual Studio Solution File, Format Version 12.00
# Visual Studio Version 16
VisualStudioVersion = 16.0.29020.237
MinimumVisualStudioVersion = 10.0.40219.1
Project("{FAE04EC0-301F-11D3-BF4B-00C04F79EFBC}") = "SampleLib", "SampleLib\SampleLib.csproj", "{C1FEF55F-77E6-46A4-9698-4F433096BB0E}"
EndProject
Global
	GlobalSection(SolutionConfigurationPlatforms) = preSolution
		Debug|Any CPU = Debug|Any CPU
		Release|Any CPU = Release|Any CPU
	EndGlobalSection
	GlobalSection(ProjectConfigurationPlatforms) = postSolution
		{C1FEF55F-77E6-46A4-9698-4F433096BB0E}.Debug|Any CPU.ActiveCfg = Debug|Any CPU
		{C1FEF55F-77E6-46A4-9698-4F433096BB0E}.Debug|Any CPU.Build.0 = Debug|Any CPU
		{C1FEF55F-77E6-46A4-9698-4F433096BB0E}.Release|Any CPU.ActiveCfg = Release|Any CPU
		{C1FEF55F-77E6-46A4-9698-4F433096BB0E}.Release|Any CPU.Build.0 = Release|Any CPU
	EndGlobalSection
	GlobalSection(SolutionProperties) = preSolution
		HideSolutionNode = FALSE
	EndGlobalSection
	GlobalSection(ExtensibilityGlobals) = postSolution
		SolutionGuid = {2EAC4076-F016-47E5-AD76-5EA8DB87B80D}
	EndGlobalSection
EndGlobal
